
Microsoft Visual Studio Solution File, Format Version 12.00
# Visual Studio Version 16
VisualStudioVersion = 16.0.31205.134
MinimumVisualStudioVersion = 10.0.40219.1
Project("{9A19103F-16F7-4668-BE54-9A1E7A4F7556}") = "BeluqaTahir.WebUI", "BeluqaTahir.WebUI\BeluqaTahir.WebUI.csproj", "{9A6337A7-988A-49CB-8FAB-2B45B8AA786C}"
EndProject
Project("{FAE04EC0-301F-11D3-BF4B-00C04F79EFBC}") = "BeluqaTahir.Domain", "BeluqaTahir.Domain\BeluqaTahir.Domain.csproj", "{40F45E51-A397-4C7C-BFEE-4D78B4536265}"
EndProject
Project("{FAE04EC0-301F-11D3-BF4B-00C04F79EFBC}") = "BeluqaTahir.Applications", "BeluqaTahir.Applications\BeluqaTahir.Applications.csproj", "{7178691B-D04B-44D9-8F66-01B1CB1E245D}"
EndProject
Global
	GlobalSection(SolutionConfigurationPlatforms) = preSolution
		Debug|Any CPU = Debug|Any CPU
		Release|Any CPU = Release|Any CPU
	EndGlobalSection
	GlobalSection(ProjectConfigurationPlatforms) = postSolution
		{9A6337A7-988A-49CB-8FAB-2B45B8AA786C}.Debug|Any CPU.ActiveCfg = Debug|Any CPU
		{9A6337A7-988A-49CB-8FAB-2B45B8AA786C}.Debug|Any CPU.Build.0 = Debug|Any CPU
		{9A6337A7-988A-49CB-8FAB-2B45B8AA786C}.Release|Any CPU.ActiveCfg = Release|Any CPU
		{9A6337A7-988A-49CB-8FAB-2B45B8AA786C}.Release|Any CPU.Build.0 = Release|Any CPU
		{40F45E51-A397-4C7C-BFEE-4D78B4536265}.Debug|Any CPU.ActiveCfg = Debug|Any CPU
		{40F45E51-A397-4C7C-BFEE-4D78B4536265}.Debug|Any CPU.Build.0 = Debug|Any CPU
		{40F45E51-A397-4C7C-BFEE-4D78B4536265}.Release|Any CPU.ActiveCfg = Release|Any CPU
		{40F45E51-A397-4C7C-BFEE-4D78B4536265}.Release|Any CPU.Build.0 = Release|Any CPU
		{7178691B-D04B-44D9-8F66-01B1CB1E245D}.Debug|Any CPU.ActiveCfg = Debug|Any CPU
		{7178691B-D04B-44D9-8F66-01B1CB1E245D}.Debug|Any CPU.Build.0 = Debug|Any CPU
		{7178691B-D04B-44D9-8F66-01B1CB1E245D}.Release|Any CPU.ActiveCfg = Release|Any CPU
		{7178691B-D04B-44D9-8F66-01B1CB1E245D}.Release|Any CPU.Build.0 = Release|Any CPU
	EndGlobalSection
	GlobalSection(SolutionProperties) = preSolution
		HideSolutionNode = FALSE
	EndGlobalSection
	GlobalSection(ExtensibilityGlobals) = postSolution
		SolutionGuid = {6675444A-7485-4D5A-9CAC-6587B24AC033}
	EndGlobalSection
EndGlobal
